
Microsoft Visual Studio Solution File, Format Version 12.00
# Visual Studio Version 16
VisualStudioVersion = 16.0.31005.135
MinimumVisualStudioVersion = 10.0.40219.1
Project("{9A19103F-16F7-4668-BE54-9A1E7A4F7556}") = "EnsatGestion", "EnsatGestion.csproj", "{7C80499D-49F9-4050-A68E-C39F4F18AF9A}"
EndProject
Project("{FAE04EC0-301F-11D3-BF4B-00C04F79EFBC}") = "ServiceEnsat", "..\ServiceEnsat\ServiceEnsat.csproj", "{81FA5571-3AB2-4CB8-A69B-57D593802CDC}"
EndProject
Global
	GlobalSection(SolutionConfigurationPlatforms) = preSolution
		Debug|Any CPU = Debug|Any CPU
		Release|Any CPU = Release|Any CPU
	EndGlobalSection
	GlobalSection(ProjectConfigurationPlatforms) = postSolution
		{7C80499D-49F9-4050-A68E-C39F4F18AF9A}.Debug|Any CPU.ActiveCfg = Debug|Any CPU
		{7C80499D-49F9-4050-A68E-C39F4F18AF9A}.Debug|Any CPU.Build.0 = Debug|Any CPU
		{7C80499D-49F9-4050-A68E-C39F4F18AF9A}.Release|Any CPU.ActiveCfg = Release|Any CPU
		{7C80499D-49F9-4050-A68E-C39F4F18AF9A}.Release|Any CPU.Build.0 = Release|Any CPU
		{81FA5571-3AB2-4CB8-A69B-57D593802CDC}.Debug|Any CPU.ActiveCfg = Debug|Any CPU
		{81FA5571-3AB2-4CB8-A69B-57D593802CDC}.Debug|Any CPU.Build.0 = Debug|Any CPU
		{81FA5571-3AB2-4CB8-A69B-57D593802CDC}.Release|Any CPU.ActiveCfg = Release|Any CPU
		{81FA5571-3AB2-4CB8-A69B-57D593802CDC}.Release|Any CPU.Build.0 = Release|Any CPU
	EndGlobalSection
	GlobalSection(SolutionProperties) = preSolution
		HideSolutionNode = FALSE
	EndGlobalSection
	GlobalSection(ExtensibilityGlobals) = postSolution
		SolutionGuid = {CDE4C5D0-8D7C-4536-A628-DA0832F625EA}
	EndGlobalSection
EndGlobal
